
Microsoft Visual Studio Solution File, Format Version 12.00
# Visual Studio Version 16
VisualStudioVersion = 16.0.30621.155
MinimumVisualStudioVersion = 10.0.40219.1
Project("{FAE04EC0-301F-11D3-BF4B-00C04F79EFBC}") = "WBS_Kplus_SN", "WBS_Kplus_SN\WBS_Kplus_SN.csproj", "{8D3505DF-05DA-4279-BDCA-3B12FFD5FA5A}"
EndProject
Global
	GlobalSection(SolutionConfigurationPlatforms) = preSolution
		Debug|Any CPU = Debug|Any CPU
		Release|Any CPU = Release|Any CPU
	EndGlobalSection
	GlobalSection(ProjectConfigurationPlatforms) = postSolution
		{8D3505DF-05DA-4279-BDCA-3B12FFD5FA5A}.Debug|Any CPU.ActiveCfg = Debug|Any CPU
		{8D3505DF-05DA-4279-BDCA-3B12FFD5FA5A}.Debug|Any CPU.Build.0 = Debug|Any CPU
		{8D3505DF-05DA-4279-BDCA-3B12FFD5FA5A}.Release|Any CPU.ActiveCfg = Release|Any CPU
		{8D3505DF-05DA-4279-BDCA-3B12FFD5FA5A}.Release|Any CPU.Build.0 = Release|Any CPU
	EndGlobalSection
	GlobalSection(SolutionProperties) = preSolution
		HideSolutionNode = FALSE
	EndGlobalSection
	GlobalSection(ExtensibilityGlobals) = postSolution
		SolutionGuid = {5700A7A8-D06C-4FE0-B75F-57D651E0D297}
	EndGlobalSection
EndGlobal
